
Microsoft Visual Studio Solution File, Format Version 12.00
Project("{FAE04EC0-301F-11D3-BF4B-00C04F79EFBC}") = "workout-tracker-api", "workout-tracker-api\workout-tracker-api.csproj", "{D7178FEE-226F-4ACA-AE56-570229067AEE}"
EndProject
Global
	GlobalSection(SolutionConfigurationPlatforms) = preSolution
		Debug|Any CPU = Debug|Any CPU
		Release|Any CPU = Release|Any CPU
	EndGlobalSection
	GlobalSection(ProjectConfigurationPlatforms) = postSolution
		{D7178FEE-226F-4ACA-AE56-570229067AEE}.Debug|Any CPU.ActiveCfg = Debug|Any CPU
		{D7178FEE-226F-4ACA-AE56-570229067AEE}.Debug|Any CPU.Build.0 = Debug|Any CPU
		{D7178FEE-226F-4ACA-AE56-570229067AEE}.Release|Any CPU.ActiveCfg = Release|Any CPU
		{D7178FEE-226F-4ACA-AE56-570229067AEE}.Release|Any CPU.Build.0 = Release|Any CPU
	EndGlobalSection
EndGlobal
